// !$*UTF8*$!
{
	archiveVersion = 1;
	classes = {
	};
	objectVersion = 46;
	objects = {

/* Begin PBXBuildFile section */
		D362865F1DAD6FB700C71EFC /* AppDelegate.swift in Sources */ = {isa = PBXBuildFile; fileRef = D362865E1DAD6FB700C71EFC /* AppDelegate.swift */; };
		D36286611DAD6FB700C71EFC /* ViewController.swift in Sources */ = {isa = PBXBuildFile; fileRef = D36286601DAD6FB700C71EFC /* ViewController.swift */; };
		D36286631DAD6FB700C71EFC /* Assets.xcassets in Resources */ = {isa = PBXBuildFile; fileRef = D36286621DAD6FB700C71EFC /* Assets.xcassets */; };
		D36286661DAD6FB700C71EFC /* Main.storyboard in Resources */ = {isa = PBXBuildFile; fileRef = D36286641DAD6FB700C71EFC /* Main.storyboard */; };
/* End PBXBuildFile section */

/* Begin PBXFileReference section */
		D362865B1DAD6FB700C71EFC /* JSON CO.app */ = {isa = PBXFileReference; explicitFileType = wrapper.application; includeInIndex = 0; path = "JSON CO.app"; sourceTree = BUILT_PRODUCTS_DIR; };
		D362865E1DAD6FB700C71EFC /* AppDelegate.swift */ = {isa = PBXFileReference; lastKnownFileType = sourcecode.swift; path = AppDelegate.swift; sourceTree = "<group>"; };
		D36286601DAD6FB700C71EFC /* ViewController.swift */ = {isa = PBXFileReference; lastKnownFileType = sourcecode.swift; path = ViewController.swift; sourceTree = "<group>"; };
		D36286621DAD6FB700C71EFC /* Assets.xcassets */ = {isa = PBXFileReference; lastKnownFileType = folder.assetcatalog; path = Assets.xcassets; sourceTree = "<group>"; };
		D36286651DAD6FB700C71EFC /* Base */ = {isa = PBXFileReference; lastKnownFileType = file.storyboard; name = Base; path = Base.lproj/Main.storyboard; sourceTree = "<group>"; };
		D36286671DAD6FB700C71EFC /* Info.plist */ = {isa = PBXFileReference; lastKnownFileType = text.plist.xml; path = Info.plist; sourceTree = "<group>"; };
/* End PBXFileReference section */

/* Begin PBXFrameworksBuildPhase section */
		D36286581DAD6FB700C71EFC /* Frameworks */ = {
			isa = PBXFrameworksBuildPhase;
			buildActionMask = 2147483647;
			files = (
			);
			runOnlyForDeploymentPostprocessing = 0;
		};
/* End PBXFrameworksBuildPhase section */

/* Begin PBXGroup section */
		D36286521DAD6FB700C71EFC = {
			isa = PBXGroup;
			children = (
				D362865D1DAD6FB700C71EFC /* JSON CO */,
				D362865C1DAD6FB700C71EFC /* Products */,
			);
			sourceTree = "<group>";
		};
		D362865C1DAD6FB700C71EFC /* Products */ = {
			isa = PBXGroup;
			children = (
				D362865B1DAD6FB700C71EFC /* JSON CO.app */,
			);
			name = Products;
			sourceTree = "<group>";
		};
		D362865D1DAD6FB700C71EFC /* JSON CO */ = {
			isa = PBXGroup;
			children = (
				D362865E1DAD6FB700C71EFC /* AppDelegate.swift */,
				D36286601DAD6FB700C71EFC /* ViewController.swift */,
				D36286621DAD6FB700C71EFC /* Assets.xcassets */,
				D36286641DAD6FB700C71EFC /* Main.storyboard */,
				D36286671DAD6FB700C71EFC /* Info.plist */,
			);
			path = "JSON CO";
			sourceTree = "<group>";
		};
/* End PBXGroup section */

/* Begin PBXNativeTarget section */
		D362865A1DAD6FB700C71EFC /* JSON CO */ = {
			isa = PBXNativeTarget;
			buildConfigurationList = D362866A1DAD6FB700C71EFC /* Build configuration list for PBXNativeTarget "JSON CO" */;
			buildPhases = (
				D36286571DAD6FB700C71EFC /* Sources */,
				D36286581DAD6FB700C71EFC /* Frameworks */,
				D36286591DAD6FB700C71EFC /* Resources */,
			);
			buildRules = (
			);
			dependencies = (
			);
			name = "JSON CO";
			productName = "JSON CO";
			productReference = D362865B1DAD6FB700C71EFC /* JSON CO.app */;
			productType = "com.apple.product-type.application";
		};
/* End PBXNativeTarget section */

/* Begin PBXProject section */
		D36286531DAD6FB700C71EFC /* Project object */ = {
			isa = PBXProject;
			attributes = {
				LastSwiftUpdateCheck = 0800;
				LastUpgradeCheck = 0800;
				ORGANIZATIONNAME = "Selvin CO";
				TargetAttributes = {
					D362865A1DAD6FB700C71EFC = {
						CreatedOnToolsVersion = 8.0;
						DevelopmentTeam = NA229UVJJB;
						ProvisioningStyle = Automatic;
					};
				};
			};
			buildConfigurationList = D36286561DAD6FB700C71EFC /* Build configuration list for PBXProject "JSON CO" */;
			compatibilityVersion = "Xcode 3.2";
			developmentRegion = English;
			hasScannedForEncodings = 0;
			knownRegions = (
				en,
				Base,
			);
			mainGroup = D36286521DAD6FB700C71EFC;
			productRefGroup = D362865C1DAD6FB700C71EFC /* Products */;
			projectDirPath = "";
			projectRoot = "";
			targets = (
				D362865A1DAD6FB700C71EFC /* JSON CO */,
			);
		};
/* End PBXProject section */

/* Begin PBXResourcesBuildPhase section */
		D36286591DAD6FB700C71EFC /* Resources */ = {
			isa = PBXResourcesBuildPhase;
			buildActionMask = 2147483647;
			files = (
				D36286631DAD6FB700C71EFC /* Assets.xcassets in Resources */,
				D36286661DAD6FB700C71EFC /* Main.storyboard in Resources */,
			);
			runOnlyForDeploymentPostprocessing = 0;
		};
/* End PBXResourcesBuildPhase section */

/* Begin PBXSourcesBuildPhase section */
		D36286571DAD6FB700C71EFC /* Sources */ = {
			isa = PBXSourcesBuildPhase;
			buildActionMask = 2147483647;
			files = (
				D36286611DAD6FB700C71EFC /* ViewController.swift in Sources */,
				D362865F1DAD6FB700C71EFC /* AppDelegate.swift in Sources */,
			);
			runOnlyForDeploymentPostprocessing = 0;
		};
/* End PBXSourcesBuildPhase section */

/* Begin PBXVariantGroup section */
		D36286641DAD6FB700C71EFC /* Main.storyboard */ = {
			isa = PBXVariantGroup;
			children = (
				D36286651DAD6FB700C71EFC /* Base */,
			);
			name = Main.storyboard;
			sourceTree = "<group>";
		};
/* End PBXVariantGroup section */

/* Begin XCBuildConfiguration section */
		D36286681DAD6FB700C71EFC /* Debug */ = {
			isa = XCBuildConfiguration;
			buildSettings = {
				ALWAYS_SEARCH_USER_PATHS = NO;
				CLANG_ANALYZER_NONNULL = YES;
				CLANG_CXX_LANGUAGE_STANDARD = "gnu++0x";
				CLANG_CXX_LIBRARY = "libc++";
				CLANG_ENABLE_MODULES = YES;
				CLANG_ENABLE_OBJC_ARC = YES;
				CLANG_WARN_BOOL_CONVERSION = YES;
				CLANG_WARN_CONSTANT_CONVERSION = YES;
				CLANG_WARN_DIRECT_OBJC_ISA_USAGE = YES_ERROR;
				CLANG_WARN_DOCUMENTATION_COMMENTS = YES;
				CLANG_WARN_EMPTY_BODY = YES;
				CLANG_WARN_ENUM_CONVERSION = YES;
				CLANG_WARN_INFINITE_RECURSION = YES;
				CLANG_WARN_INT_CONVERSION = YES;
				CLANG_WARN_OBJC_ROOT_CLASS = YES_ERROR;
				CLANG_WARN_SUSPICIOUS_MOVES = YES;
				CLANG_WARN_UNREACHABLE_CODE = YES;
				CLANG_WARN__DUPLICATE_METHOD_MATCH = YES;
				CODE_SIGN_IDENTITY = "-";
				COPY_PHASE_STRIP = NO;
				DEBUG_INFORMATION_FORMAT = dwarf;
				ENABLE_STRICT_OBJC_MSGSEND = YES;
				ENABLE_TESTABILITY = YES;
				GCC_C_LANGUAGE_STANDARD = gnu99;
				GCC_DYNAMIC_NO_PIC = NO;
				GCC_NO_COMMON_BLOCKS = YES;
				GCC_OPTIMIZATION_LEVEL = 0;
				GCC_PREPROCESSOR_DEFINITIONS = (
					"DEBUG=1",
					"$(inherited)",
				);
				GCC_WARN_64_TO_32_BIT_CONVERSION = YES;
				GCC_WARN_ABOUT_RETURN_TYPE = YES_ERROR;
				GCC_WARN_UNDECLARED_SELECTOR = YES;
				GCC_WARN_UNINITIALIZED_AUTOS = YES_AGGRESSIVE;
				GCC_WARN_UNUSED_FUNCTION = YES;
				GCC_WARN_UNUSED_VARIABLE = YES;
				MACOSX_DEPLOYMENT_TARGET = 10.12;
				MTL_ENABLE_DEBUG_INFO = YES;
				ONLY_ACTIVE_ARCH = YES;
				SDKROOT = macosx;
				SWIFT_ACTIVE_COMPILATION_CONDITIONS = DEBUG;
				SWIFT_OPTIMIZATION_LEVEL = "-Onone";
			};
			name = Debug;
		};
		D36286691DAD6FB700C71EFC /* Release */ = {
			isa = XCBuildConfiguration;
			buildSettings = {
				ALWAYS_SEARCH_USER_PATHS = NO;
				CLANG_ANALYZER_NONNULL = YES;
				CLANG_CXX_LANGUAGE_STANDARD = "gnu++0x";
				CLANG_CXX_LIBRARY = "libc++";
				CLANG_ENABLE_MODULES = YES;
				CLANG_ENABLE_OBJC_ARC = YES;
				CLANG_WARN_BOOL_CONVERSION = YES;
				CLANG_WARN_CONSTANT_CONVERSION = YES;
				CLANG_WARN_DIRECT_OBJC_ISA_USAGE = YES_ERROR;
				CLANG_WARN_DOCUMENTATION_COMMENTS = YES;
				CLANG_WARN_EMPTY_BODY = YES;
				CLANG_WARN_ENUM_CONVERSION = YES;
				CLANG_WARN_INFINITE_RECURSION = YES;
				CLANG_WARN_INT_CONVERSION = YES;
				CLANG_WARN_OBJC_ROOT_CLASS = YES_ERROR;
				CLANG_WARN_SUSPICIOUS_MOVES = YES;
				CLANG_WARN_UNREACHABLE_CODE = YES;
				CLANG_WARN__DUPLICATE_METHOD_MATCH = YES;
				CODE_SIGN_IDENTITY = "-";
				COPY_PHASE_STRIP = NO;
				DEBUG_INFORMATION_FORMAT = "dwarf-with-dsym";
				ENABLE_NS_ASSERTIONS = NO;
				ENABLE_STRICT_OBJC_MSGSEND = YES;
				GCC_C_LANGUAGE_STANDARD = gnu99;
				GCC_NO_COMMON_BLOCKS = YES;
				GCC_WARN_64_TO_32_BIT_CONVERSION = YES;
				GCC_WARN_ABOUT_RETURN_TYPE = YES_ERROR;
				GCC_WARN_UNDECLARED_SELECTOR = YES;
				GCC_WARN_UNINITIALIZED_AUTOS = YES_AGGRESSIVE;
				GCC_WARN_UNUSED_FUNCTION = YES;
				GCC_WARN_UNUSED_VARIABLE = YES;
				MACOSX_DEPLOYMENT_TARGET = 10.12;
				MTL_ENABLE_DEBUG_INFO = NO;
				SDKROOT = macosx;
				SWIFT_OPTIMIZATION_LEVEL = "-Owholemodule";
			};
			name = Release;
		};
		D362866B1DAD6FB700C71EFC /* Debug */ = {
			isa = XCBuildConfiguration;
			buildSettings = {
				ASSETCATALOG_COMPILER_APPICON_NAME = AppIcon;
				COMBINE_HIDPI_IMAGES = YES;
				DEVELOPMENT_TEAM = NA229UVJJB;
				INFOPLIST_FILE = "JSON CO/Info.plist";
				LD_RUNPATH_SEARCH_PATHS = "$(inherited) @executable_path/../Frameworks";
				PRODUCT_BUNDLE_IDENTIFIER = "com.selvinortiz.JSON-CO";
				PRODUCT_NAME = "$(TARGET_NAME)";
				SWIFT_VERSION = 3.0;
			};
			name = Debug;
		};
		D362866C1DAD6FB700C71EFC /* Release */ = {
			isa = XCBuildConfiguration;
			buildSettings = {
				ASSETCATALOG_COMPILER_APPICON_NAME = AppIcon;
				COMBINE_HIDPI_IMAGES = YES;
				DEVELOPMENT_TEAM = NA229UVJJB;
				INFOPLIST_FILE = "JSON CO/Info.plist";
				LD_RUNPATH_SEARCH_PATHS = "$(inherited) @executable_path/../Frameworks";
				PRODUCT_BUNDLE_IDENTIFIER = "com.selvinortiz.JSON-CO";
				PRODUCT_NAME = "$(TARGET_NAME)";
				SWIFT_VERSION = 3.0;
			};
			name = Release;
		};
/* End XCBuildConfiguration section */

/* Begin XCConfigurationList section */
		D36286561DAD6FB700C71EFC /* Build configuration list for PBXProject "JSON CO" */ = {
			isa = XCConfigurationList;
			buildConfigurations = (
				D36286681DAD6FB700C71EFC /* Debug */,
				D36286691DAD6FB700C71EFC /* Release */,
			);
			defaultConfigurationIsVisible = 0;
			defaultConfigurationName = Release;
		};
		D362866A1DAD6FB700C71EFC /* Build configuration list for PBXNativeTarget "JSON CO" */ = {
			isa = XCConfigurationList;
			buildConfigurations = (
				D362866B1DAD6FB700C71EFC /* Debug */,
				D362866C1DAD6FB700C71EFC /* Release */,
			);
			defaultConfigurationIsVisible = 0;
		};
/* End XCConfigurationList section */
	};
	rootObject = D36286531DAD6FB700C71EFC /* Project object */;
}
