// !$*UTF8*$!
{
	archiveVersion = 1;
	classes = {
	};
	objectVersion = 46;
	objects = {

/* Begin PBXBuildFile section */
		D3BA45521DA5E654001E779F /* AppDelegate.swift in Sources */ = {isa = PBXBuildFile; fileRef = D3BA45511DA5E654001E779F /* AppDelegate.swift */; };
		D3BA45541DA5E654001E779F /* ViewController.swift in Sources */ = {isa = PBXBuildFile; fileRef = D3BA45531DA5E654001E779F /* ViewController.swift */; };
		D3BA45571DA5E654001E779F /* Main.storyboard in Resources */ = {isa = PBXBuildFile; fileRef = D3BA45551DA5E654001E779F /* Main.storyboard */; };
		D3BA45591DA5E654001E779F /* Assets.xcassets in Resources */ = {isa = PBXBuildFile; fileRef = D3BA45581DA5E654001E779F /* Assets.xcassets */; };
		D3BA455C1DA5E654001E779F /* LaunchScreen.storyboard in Resources */ = {isa = PBXBuildFile; fileRef = D3BA455A1DA5E654001E779F /* LaunchScreen.storyboard */; };
/* End PBXBuildFile section */

/* Begin PBXFileReference section */
		D3BA454E1DA5E654001E779F /* Dog CO.app */ = {isa = PBXFileReference; explicitFileType = wrapper.application; includeInIndex = 0; path = "Dog CO.app"; sourceTree = BUILT_PRODUCTS_DIR; };
		D3BA45511DA5E654001E779F /* AppDelegate.swift */ = {isa = PBXFileReference; lastKnownFileType = sourcecode.swift; path = AppDelegate.swift; sourceTree = "<group>"; };
		D3BA45531DA5E654001E779F /* ViewController.swift */ = {isa = PBXFileReference; lastKnownFileType = sourcecode.swift; path = ViewController.swift; sourceTree = "<group>"; };
		D3BA45561DA5E654001E779F /* Base */ = {isa = PBXFileReference; lastKnownFileType = file.storyboard; name = Base; path = Base.lproj/Main.storyboard; sourceTree = "<group>"; };
		D3BA45581DA5E654001E779F /* Assets.xcassets */ = {isa = PBXFileReference; lastKnownFileType = folder.assetcatalog; path = Assets.xcassets; sourceTree = "<group>"; };
		D3BA455B1DA5E654001E779F /* Base */ = {isa = PBXFileReference; lastKnownFileType = file.storyboard; name = Base; path = Base.lproj/LaunchScreen.storyboard; sourceTree = "<group>"; };
		D3BA455D1DA5E654001E779F /* Info.plist */ = {isa = PBXFileReference; lastKnownFileType = text.plist.xml; path = Info.plist; sourceTree = "<group>"; };
/* End PBXFileReference section */

/* Begin PBXFrameworksBuildPhase section */
		D3BA454B1DA5E654001E779F /* Frameworks */ = {
			isa = PBXFrameworksBuildPhase;
			buildActionMask = 2147483647;
			files = (
			);
			runOnlyForDeploymentPostprocessing = 0;
		};
/* End PBXFrameworksBuildPhase section */

/* Begin PBXGroup section */
		D3BA45451DA5E654001E779F = {
			isa = PBXGroup;
			children = (
				D3BA45501DA5E654001E779F /* Dog CO */,
				D3BA454F1DA5E654001E779F /* Products */,
			);
			sourceTree = "<group>";
		};
		D3BA454F1DA5E654001E779F /* Products */ = {
			isa = PBXGroup;
			children = (
				D3BA454E1DA5E654001E779F /* Dog CO.app */,
			);
			name = Products;
			sourceTree = "<group>";
		};
		D3BA45501DA5E654001E779F /* Dog CO */ = {
			isa = PBXGroup;
			children = (
				D3BA45511DA5E654001E779F /* AppDelegate.swift */,
				D3BA45531DA5E654001E779F /* ViewController.swift */,
				D3BA45551DA5E654001E779F /* Main.storyboard */,
				D3BA45581DA5E654001E779F /* Assets.xcassets */,
				D3BA455A1DA5E654001E779F /* LaunchScreen.storyboard */,
				D3BA455D1DA5E654001E779F /* Info.plist */,
			);
			path = "Dog CO";
			sourceTree = "<group>";
		};
/* End PBXGroup section */

/* Begin PBXNativeTarget section */
		D3BA454D1DA5E654001E779F /* Dog CO */ = {
			isa = PBXNativeTarget;
			buildConfigurationList = D3BA45601DA5E654001E779F /* Build configuration list for PBXNativeTarget "Dog CO" */;
			buildPhases = (
				D3BA454A1DA5E654001E779F /* Sources */,
				D3BA454B1DA5E654001E779F /* Frameworks */,
				D3BA454C1DA5E654001E779F /* Resources */,
			);
			buildRules = (
			);
			dependencies = (
			);
			name = "Dog CO";
			productName = "Dog CO";
			productReference = D3BA454E1DA5E654001E779F /* Dog CO.app */;
			productType = "com.apple.product-type.application";
		};
/* End PBXNativeTarget section */

/* Begin PBXProject section */
		D3BA45461DA5E654001E779F /* Project object */ = {
			isa = PBXProject;
			attributes = {
				LastSwiftUpdateCheck = 0800;
				LastUpgradeCheck = 0800;
				ORGANIZATIONNAME = "Selvin CO";
				TargetAttributes = {
					D3BA454D1DA5E654001E779F = {
						CreatedOnToolsVersion = 8.0;
						DevelopmentTeam = NA229UVJJB;
						ProvisioningStyle = Automatic;
					};
				};
			};
			buildConfigurationList = D3BA45491DA5E654001E779F /* Build configuration list for PBXProject "Dog CO" */;
			compatibilityVersion = "Xcode 3.2";
			developmentRegion = English;
			hasScannedForEncodings = 0;
			knownRegions = (
				en,
				Base,
			);
			mainGroup = D3BA45451DA5E654001E779F;
			productRefGroup = D3BA454F1DA5E654001E779F /* Products */;
			projectDirPath = "";
			projectRoot = "";
			targets = (
				D3BA454D1DA5E654001E779F /* Dog CO */,
			);
		};
/* End PBXProject section */

/* Begin PBXResourcesBuildPhase section */
		D3BA454C1DA5E654001E779F /* Resources */ = {
			isa = PBXResourcesBuildPhase;
			buildActionMask = 2147483647;
			files = (
				D3BA455C1DA5E654001E779F /* LaunchScreen.storyboard in Resources */,
				D3BA45591DA5E654001E779F /* Assets.xcassets in Resources */,
				D3BA45571DA5E654001E779F /* Main.storyboard in Resources */,
			);
			runOnlyForDeploymentPostprocessing = 0;
		};
/* End PBXResourcesBuildPhase section */

/* Begin PBXSourcesBuildPhase section */
		D3BA454A1DA5E654001E779F /* Sources */ = {
			isa = PBXSourcesBuildPhase;
			buildActionMask = 2147483647;
			files = (
				D3BA45541DA5E654001E779F /* ViewController.swift in Sources */,
				D3BA45521DA5E654001E779F /* AppDelegate.swift in Sources */,
			);
			runOnlyForDeploymentPostprocessing = 0;
		};
/* End PBXSourcesBuildPhase section */

/* Begin PBXVariantGroup section */
		D3BA45551DA5E654001E779F /* Main.storyboard */ = {
			isa = PBXVariantGroup;
			children = (
				D3BA45561DA5E654001E779F /* Base */,
			);
			name = Main.storyboard;
			sourceTree = "<group>";
		};
		D3BA455A1DA5E654001E779F /* LaunchScreen.storyboard */ = {
			isa = PBXVariantGroup;
			children = (
				D3BA455B1DA5E654001E779F /* Base */,
			);
			name = LaunchScreen.storyboard;
			sourceTree = "<group>";
		};
/* End PBXVariantGroup section */

/* Begin XCBuildConfiguration section */
		D3BA455E1DA5E654001E779F /* Debug */ = {
			isa = XCBuildConfiguration;
			buildSettings = {
				ALWAYS_SEARCH_USER_PATHS = NO;
				CLANG_ANALYZER_NONNULL = YES;
				CLANG_CXX_LANGUAGE_STANDARD = "gnu++0x";
				CLANG_CXX_LIBRARY = "libc++";
				CLANG_ENABLE_MODULES = YES;
				CLANG_ENABLE_OBJC_ARC = YES;
				CLANG_WARN_BOOL_CONVERSION = YES;
				CLANG_WARN_CONSTANT_CONVERSION = YES;
				CLANG_WARN_DIRECT_OBJC_ISA_USAGE = YES_ERROR;
				CLANG_WARN_DOCUMENTATION_COMMENTS = YES;
				CLANG_WARN_EMPTY_BODY = YES;
				CLANG_WARN_ENUM_CONVERSION = YES;
				CLANG_WARN_INFINITE_RECURSION = YES;
				CLANG_WARN_INT_CONVERSION = YES;
				CLANG_WARN_OBJC_ROOT_CLASS = YES_ERROR;
				CLANG_WARN_SUSPICIOUS_MOVES = YES;
				CLANG_WARN_UNREACHABLE_CODE = YES;
				CLANG_WARN__DUPLICATE_METHOD_MATCH = YES;
				"CODE_SIGN_IDENTITY[sdk=iphoneos*]" = "iPhone Developer";
				COPY_PHASE_STRIP = NO;
				DEBUG_INFORMATION_FORMAT = dwarf;
				ENABLE_STRICT_OBJC_MSGSEND = YES;
				ENABLE_TESTABILITY = YES;
				GCC_C_LANGUAGE_STANDARD = gnu99;
				GCC_DYNAMIC_NO_PIC = NO;
				GCC_NO_COMMON_BLOCKS = YES;
				GCC_OPTIMIZATION_LEVEL = 0;
				GCC_PREPROCESSOR_DEFINITIONS = (
					"DEBUG=1",
					"$(inherited)",
				);
				GCC_WARN_64_TO_32_BIT_CONVERSION = YES;
				GCC_WARN_ABOUT_RETURN_TYPE = YES_ERROR;
				GCC_WARN_UNDECLARED_SELECTOR = YES;
				GCC_WARN_UNINITIALIZED_AUTOS = YES_AGGRESSIVE;
				GCC_WARN_UNUSED_FUNCTION = YES;
				GCC_WARN_UNUSED_VARIABLE = YES;
				IPHONEOS_DEPLOYMENT_TARGET = 10.0;
				MTL_ENABLE_DEBUG_INFO = YES;
				ONLY_ACTIVE_ARCH = YES;
				SDKROOT = iphoneos;
				SWIFT_ACTIVE_COMPILATION_CONDITIONS = DEBUG;
				SWIFT_OPTIMIZATION_LEVEL = "-Onone";
			};
			name = Debug;
		};
		D3BA455F1DA5E654001E779F /* Release */ = {
			isa = XCBuildConfiguration;
			buildSettings = {
				ALWAYS_SEARCH_USER_PATHS = NO;
				CLANG_ANALYZER_NONNULL = YES;
				CLANG_CXX_LANGUAGE_STANDARD = "gnu++0x";
				CLANG_CXX_LIBRARY = "libc++";
				CLANG_ENABLE_MODULES = YES;
				CLANG_ENABLE_OBJC_ARC = YES;
				CLANG_WARN_BOOL_CONVERSION = YES;
				CLANG_WARN_CONSTANT_CONVERSION = YES;
				CLANG_WARN_DIRECT_OBJC_ISA_USAGE = YES_ERROR;
				CLANG_WARN_DOCUMENTATION_COMMENTS = YES;
				CLANG_WARN_EMPTY_BODY = YES;
				CLANG_WARN_ENUM_CONVERSION = YES;
				CLANG_WARN_INFINITE_RECURSION = YES;
				CLANG_WARN_INT_CONVERSION = YES;
				CLANG_WARN_OBJC_ROOT_CLASS = YES_ERROR;
				CLANG_WARN_SUSPICIOUS_MOVES = YES;
				CLANG_WARN_UNREACHABLE_CODE = YES;
				CLANG_WARN__DUPLICATE_METHOD_MATCH = YES;
				"CODE_SIGN_IDENTITY[sdk=iphoneos*]" = "iPhone Developer";
				COPY_PHASE_STRIP = NO;
				DEBUG_INFORMATION_FORMAT = "dwarf-with-dsym";
				ENABLE_NS_ASSERTIONS = NO;
				ENABLE_STRICT_OBJC_MSGSEND = YES;
				GCC_C_LANGUAGE_STANDARD = gnu99;
				GCC_NO_COMMON_BLOCKS = YES;
				GCC_WARN_64_TO_32_BIT_CONVERSION = YES;
				GCC_WARN_ABOUT_RETURN_TYPE = YES_ERROR;
				GCC_WARN_UNDECLARED_SELECTOR = YES;
				GCC_WARN_UNINITIALIZED_AUTOS = YES_AGGRESSIVE;
				GCC_WARN_UNUSED_FUNCTION = YES;
				GCC_WARN_UNUSED_VARIABLE = YES;
				IPHONEOS_DEPLOYMENT_TARGET = 10.0;
				MTL_ENABLE_DEBUG_INFO = NO;
				SDKROOT = iphoneos;
				SWIFT_OPTIMIZATION_LEVEL = "-Owholemodule";
				VALIDATE_PRODUCT = YES;
			};
			name = Release;
		};
		D3BA45611DA5E654001E779F /* Debug */ = {
			isa = XCBuildConfiguration;
			buildSettings = {
				ASSETCATALOG_COMPILER_APPICON_NAME = AppIcon;
				DEVELOPMENT_TEAM = NA229UVJJB;
				INFOPLIST_FILE = "Dog CO/Info.plist";
				LD_RUNPATH_SEARCH_PATHS = "$(inherited) @executable_path/Frameworks";
				PRODUCT_BUNDLE_IDENTIFIER = "com.selvinortiz.Dog-CO";
				PRODUCT_NAME = "$(TARGET_NAME)";
				SWIFT_VERSION = 3.0;
			};
			name = Debug;
		};
		D3BA45621DA5E654001E779F /* Release */ = {
			isa = XCBuildConfiguration;
			buildSettings = {
				ASSETCATALOG_COMPILER_APPICON_NAME = AppIcon;
				DEVELOPMENT_TEAM = NA229UVJJB;
				INFOPLIST_FILE = "Dog CO/Info.plist";
				LD_RUNPATH_SEARCH_PATHS = "$(inherited) @executable_path/Frameworks";
				PRODUCT_BUNDLE_IDENTIFIER = "com.selvinortiz.Dog-CO";
				PRODUCT_NAME = "$(TARGET_NAME)";
				SWIFT_VERSION = 3.0;
			};
			name = Release;
		};
/* End XCBuildConfiguration section */

/* Begin XCConfigurationList section */
		D3BA45491DA5E654001E779F /* Build configuration list for PBXProject "Dog CO" */ = {
			isa = XCConfigurationList;
			buildConfigurations = (
				D3BA455E1DA5E654001E779F /* Debug */,
				D3BA455F1DA5E654001E779F /* Release */,
			);
			defaultConfigurationIsVisible = 0;
			defaultConfigurationName = Release;
		};
		D3BA45601DA5E654001E779F /* Build configuration list for PBXNativeTarget "Dog CO" */ = {
			isa = XCConfigurationList;
			buildConfigurations = (
				D3BA45611DA5E654001E779F /* Debug */,
				D3BA45621DA5E654001E779F /* Release */,
			);
			defaultConfigurationIsVisible = 0;
		};
/* End XCConfigurationList section */
	};
	rootObject = D3BA45461DA5E654001E779F /* Project object */;
}
