// !$*UTF8*$!
{
	archiveVersion = 1;
	classes = {
	};
	objectVersion = 46;
	objects = {

/* Begin PBXBuildFile section */
		D3EB37941DA8210D00C7D489 /* AppDelegate.swift in Sources */ = {isa = PBXBuildFile; fileRef = D3EB37931DA8210D00C7D489 /* AppDelegate.swift */; };
		D3EB37961DA8210D00C7D489 /* ViewController.swift in Sources */ = {isa = PBXBuildFile; fileRef = D3EB37951DA8210D00C7D489 /* ViewController.swift */; };
		D3EB37991DA8210D00C7D489 /* Main.storyboard in Resources */ = {isa = PBXBuildFile; fileRef = D3EB37971DA8210D00C7D489 /* Main.storyboard */; };
		D3EB379B1DA8210D00C7D489 /* Assets.xcassets in Resources */ = {isa = PBXBuildFile; fileRef = D3EB379A1DA8210D00C7D489 /* Assets.xcassets */; };
		D3EB379E1DA8210D00C7D489 /* LaunchScreen.storyboard in Resources */ = {isa = PBXBuildFile; fileRef = D3EB379C1DA8210D00C7D489 /* LaunchScreen.storyboard */; };
/* End PBXBuildFile section */

/* Begin PBXFileReference section */
		D3EB37901DA8210D00C7D489 /* Timer CO.app */ = {isa = PBXFileReference; explicitFileType = wrapper.application; includeInIndex = 0; path = "Timer CO.app"; sourceTree = BUILT_PRODUCTS_DIR; };
		D3EB37931DA8210D00C7D489 /* AppDelegate.swift */ = {isa = PBXFileReference; lastKnownFileType = sourcecode.swift; path = AppDelegate.swift; sourceTree = "<group>"; };
		D3EB37951DA8210D00C7D489 /* ViewController.swift */ = {isa = PBXFileReference; lastKnownFileType = sourcecode.swift; path = ViewController.swift; sourceTree = "<group>"; };
		D3EB37981DA8210D00C7D489 /* Base */ = {isa = PBXFileReference; lastKnownFileType = file.storyboard; name = Base; path = Base.lproj/Main.storyboard; sourceTree = "<group>"; };
		D3EB379A1DA8210D00C7D489 /* Assets.xcassets */ = {isa = PBXFileReference; lastKnownFileType = folder.assetcatalog; path = Assets.xcassets; sourceTree = "<group>"; };
		D3EB379D1DA8210D00C7D489 /* Base */ = {isa = PBXFileReference; lastKnownFileType = file.storyboard; name = Base; path = Base.lproj/LaunchScreen.storyboard; sourceTree = "<group>"; };
		D3EB379F1DA8210D00C7D489 /* Info.plist */ = {isa = PBXFileReference; lastKnownFileType = text.plist.xml; path = Info.plist; sourceTree = "<group>"; };
/* End PBXFileReference section */

/* Begin PBXFrameworksBuildPhase section */
		D3EB378D1DA8210D00C7D489 /* Frameworks */ = {
			isa = PBXFrameworksBuildPhase;
			buildActionMask = 2147483647;
			files = (
			);
			runOnlyForDeploymentPostprocessing = 0;
		};
/* End PBXFrameworksBuildPhase section */

/* Begin PBXGroup section */
		D3EB37871DA8210D00C7D489 = {
			isa = PBXGroup;
			children = (
				D3EB37921DA8210D00C7D489 /* Timer CO */,
				D3EB37911DA8210D00C7D489 /* Products */,
			);
			sourceTree = "<group>";
		};
		D3EB37911DA8210D00C7D489 /* Products */ = {
			isa = PBXGroup;
			children = (
				D3EB37901DA8210D00C7D489 /* Timer CO.app */,
			);
			name = Products;
			sourceTree = "<group>";
		};
		D3EB37921DA8210D00C7D489 /* Timer CO */ = {
			isa = PBXGroup;
			children = (
				D3EB37931DA8210D00C7D489 /* AppDelegate.swift */,
				D3EB37951DA8210D00C7D489 /* ViewController.swift */,
				D3EB37971DA8210D00C7D489 /* Main.storyboard */,
				D3EB379A1DA8210D00C7D489 /* Assets.xcassets */,
				D3EB379C1DA8210D00C7D489 /* LaunchScreen.storyboard */,
				D3EB379F1DA8210D00C7D489 /* Info.plist */,
			);
			path = "Timer CO";
			sourceTree = "<group>";
		};
/* End PBXGroup section */

/* Begin PBXNativeTarget section */
		D3EB378F1DA8210D00C7D489 /* Timer CO */ = {
			isa = PBXNativeTarget;
			buildConfigurationList = D3EB37A21DA8210D00C7D489 /* Build configuration list for PBXNativeTarget "Timer CO" */;
			buildPhases = (
				D3EB378C1DA8210D00C7D489 /* Sources */,
				D3EB378D1DA8210D00C7D489 /* Frameworks */,
				D3EB378E1DA8210D00C7D489 /* Resources */,
			);
			buildRules = (
			);
			dependencies = (
			);
			name = "Timer CO";
			productName = "Timer CO";
			productReference = D3EB37901DA8210D00C7D489 /* Timer CO.app */;
			productType = "com.apple.product-type.application";
		};
/* End PBXNativeTarget section */

/* Begin PBXProject section */
		D3EB37881DA8210D00C7D489 /* Project object */ = {
			isa = PBXProject;
			attributes = {
				LastSwiftUpdateCheck = 0800;
				LastUpgradeCheck = 0800;
				ORGANIZATIONNAME = "Selvin CO";
				TargetAttributes = {
					D3EB378F1DA8210D00C7D489 = {
						CreatedOnToolsVersion = 8.0;
						DevelopmentTeam = NA229UVJJB;
						ProvisioningStyle = Automatic;
					};
				};
			};
			buildConfigurationList = D3EB378B1DA8210D00C7D489 /* Build configuration list for PBXProject "Timer CO" */;
			compatibilityVersion = "Xcode 3.2";
			developmentRegion = English;
			hasScannedForEncodings = 0;
			knownRegions = (
				en,
				Base,
			);
			mainGroup = D3EB37871DA8210D00C7D489;
			productRefGroup = D3EB37911DA8210D00C7D489 /* Products */;
			projectDirPath = "";
			projectRoot = "";
			targets = (
				D3EB378F1DA8210D00C7D489 /* Timer CO */,
			);
		};
/* End PBXProject section */

/* Begin PBXResourcesBuildPhase section */
		D3EB378E1DA8210D00C7D489 /* Resources */ = {
			isa = PBXResourcesBuildPhase;
			buildActionMask = 2147483647;
			files = (
				D3EB379E1DA8210D00C7D489 /* LaunchScreen.storyboard in Resources */,
				D3EB379B1DA8210D00C7D489 /* Assets.xcassets in Resources */,
				D3EB37991DA8210D00C7D489 /* Main.storyboard in Resources */,
			);
			runOnlyForDeploymentPostprocessing = 0;
		};
/* End PBXResourcesBuildPhase section */

/* Begin PBXSourcesBuildPhase section */
		D3EB378C1DA8210D00C7D489 /* Sources */ = {
			isa = PBXSourcesBuildPhase;
			buildActionMask = 2147483647;
			files = (
				D3EB37961DA8210D00C7D489 /* ViewController.swift in Sources */,
				D3EB37941DA8210D00C7D489 /* AppDelegate.swift in Sources */,
			);
			runOnlyForDeploymentPostprocessing = 0;
		};
/* End PBXSourcesBuildPhase section */

/* Begin PBXVariantGroup section */
		D3EB37971DA8210D00C7D489 /* Main.storyboard */ = {
			isa = PBXVariantGroup;
			children = (
				D3EB37981DA8210D00C7D489 /* Base */,
			);
			name = Main.storyboard;
			sourceTree = "<group>";
		};
		D3EB379C1DA8210D00C7D489 /* LaunchScreen.storyboard */ = {
			isa = PBXVariantGroup;
			children = (
				D3EB379D1DA8210D00C7D489 /* Base */,
			);
			name = LaunchScreen.storyboard;
			sourceTree = "<group>";
		};
/* End PBXVariantGroup section */

/* Begin XCBuildConfiguration section */
		D3EB37A01DA8210D00C7D489 /* Debug */ = {
			isa = XCBuildConfiguration;
			buildSettings = {
				ALWAYS_SEARCH_USER_PATHS = NO;
				CLANG_ANALYZER_NONNULL = YES;
				CLANG_CXX_LANGUAGE_STANDARD = "gnu++0x";
				CLANG_CXX_LIBRARY = "libc++";
				CLANG_ENABLE_MODULES = YES;
				CLANG_ENABLE_OBJC_ARC = YES;
				CLANG_WARN_BOOL_CONVERSION = YES;
				CLANG_WARN_CONSTANT_CONVERSION = YES;
				CLANG_WARN_DIRECT_OBJC_ISA_USAGE = YES_ERROR;
				CLANG_WARN_DOCUMENTATION_COMMENTS = YES;
				CLANG_WARN_EMPTY_BODY = YES;
				CLANG_WARN_ENUM_CONVERSION = YES;
				CLANG_WARN_INFINITE_RECURSION = YES;
				CLANG_WARN_INT_CONVERSION = YES;
				CLANG_WARN_OBJC_ROOT_CLASS = YES_ERROR;
				CLANG_WARN_SUSPICIOUS_MOVES = YES;
				CLANG_WARN_UNREACHABLE_CODE = YES;
				CLANG_WARN__DUPLICATE_METHOD_MATCH = YES;
				"CODE_SIGN_IDENTITY[sdk=iphoneos*]" = "iPhone Developer";
				COPY_PHASE_STRIP = NO;
				DEBUG_INFORMATION_FORMAT = dwarf;
				ENABLE_STRICT_OBJC_MSGSEND = YES;
				ENABLE_TESTABILITY = YES;
				GCC_C_LANGUAGE_STANDARD = gnu99;
				GCC_DYNAMIC_NO_PIC = NO;
				GCC_NO_COMMON_BLOCKS = YES;
				GCC_OPTIMIZATION_LEVEL = 0;
				GCC_PREPROCESSOR_DEFINITIONS = (
					"DEBUG=1",
					"$(inherited)",
				);
				GCC_WARN_64_TO_32_BIT_CONVERSION = YES;
				GCC_WARN_ABOUT_RETURN_TYPE = YES_ERROR;
				GCC_WARN_UNDECLARED_SELECTOR = YES;
				GCC_WARN_UNINITIALIZED_AUTOS = YES_AGGRESSIVE;
				GCC_WARN_UNUSED_FUNCTION = YES;
				GCC_WARN_UNUSED_VARIABLE = YES;
				IPHONEOS_DEPLOYMENT_TARGET = 10.0;
				MTL_ENABLE_DEBUG_INFO = YES;
				ONLY_ACTIVE_ARCH = YES;
				SDKROOT = iphoneos;
				SWIFT_ACTIVE_COMPILATION_CONDITIONS = DEBUG;
				SWIFT_OPTIMIZATION_LEVEL = "-Onone";
			};
			name = Debug;
		};
		D3EB37A11DA8210D00C7D489 /* Release */ = {
			isa = XCBuildConfiguration;
			buildSettings = {
				ALWAYS_SEARCH_USER_PATHS = NO;
				CLANG_ANALYZER_NONNULL = YES;
				CLANG_CXX_LANGUAGE_STANDARD = "gnu++0x";
				CLANG_CXX_LIBRARY = "libc++";
				CLANG_ENABLE_MODULES = YES;
				CLANG_ENABLE_OBJC_ARC = YES;
				CLANG_WARN_BOOL_CONVERSION = YES;
				CLANG_WARN_CONSTANT_CONVERSION = YES;
				CLANG_WARN_DIRECT_OBJC_ISA_USAGE = YES_ERROR;
				CLANG_WARN_DOCUMENTATION_COMMENTS = YES;
				CLANG_WARN_EMPTY_BODY = YES;
				CLANG_WARN_ENUM_CONVERSION = YES;
				CLANG_WARN_INFINITE_RECURSION = YES;
				CLANG_WARN_INT_CONVERSION = YES;
				CLANG_WARN_OBJC_ROOT_CLASS = YES_ERROR;
				CLANG_WARN_SUSPICIOUS_MOVES = YES;
				CLANG_WARN_UNREACHABLE_CODE = YES;
				CLANG_WARN__DUPLICATE_METHOD_MATCH = YES;
				"CODE_SIGN_IDENTITY[sdk=iphoneos*]" = "iPhone Developer";
				COPY_PHASE_STRIP = NO;
				DEBUG_INFORMATION_FORMAT = "dwarf-with-dsym";
				ENABLE_NS_ASSERTIONS = NO;
				ENABLE_STRICT_OBJC_MSGSEND = YES;
				GCC_C_LANGUAGE_STANDARD = gnu99;
				GCC_NO_COMMON_BLOCKS = YES;
				GCC_WARN_64_TO_32_BIT_CONVERSION = YES;
				GCC_WARN_ABOUT_RETURN_TYPE = YES_ERROR;
				GCC_WARN_UNDECLARED_SELECTOR = YES;
				GCC_WARN_UNINITIALIZED_AUTOS = YES_AGGRESSIVE;
				GCC_WARN_UNUSED_FUNCTION = YES;
				GCC_WARN_UNUSED_VARIABLE = YES;
				IPHONEOS_DEPLOYMENT_TARGET = 10.0;
				MTL_ENABLE_DEBUG_INFO = NO;
				SDKROOT = iphoneos;
				SWIFT_OPTIMIZATION_LEVEL = "-Owholemodule";
				VALIDATE_PRODUCT = YES;
			};
			name = Release;
		};
		D3EB37A31DA8210D00C7D489 /* Debug */ = {
			isa = XCBuildConfiguration;
			buildSettings = {
				ASSETCATALOG_COMPILER_APPICON_NAME = AppIcon;
				DEVELOPMENT_TEAM = NA229UVJJB;
				INFOPLIST_FILE = "Timer CO/Info.plist";
				LD_RUNPATH_SEARCH_PATHS = "$(inherited) @executable_path/Frameworks";
				PRODUCT_BUNDLE_IDENTIFIER = "com.selvinortiz.Timer-CO";
				PRODUCT_NAME = "$(TARGET_NAME)";
				SWIFT_VERSION = 3.0;
			};
			name = Debug;
		};
		D3EB37A41DA8210D00C7D489 /* Release */ = {
			isa = XCBuildConfiguration;
			buildSettings = {
				ASSETCATALOG_COMPILER_APPICON_NAME = AppIcon;
				DEVELOPMENT_TEAM = NA229UVJJB;
				INFOPLIST_FILE = "Timer CO/Info.plist";
				LD_RUNPATH_SEARCH_PATHS = "$(inherited) @executable_path/Frameworks";
				PRODUCT_BUNDLE_IDENTIFIER = "com.selvinortiz.Timer-CO";
				PRODUCT_NAME = "$(TARGET_NAME)";
				SWIFT_VERSION = 3.0;
			};
			name = Release;
		};
/* End XCBuildConfiguration section */

/* Begin XCConfigurationList section */
		D3EB378B1DA8210D00C7D489 /* Build configuration list for PBXProject "Timer CO" */ = {
			isa = XCConfigurationList;
			buildConfigurations = (
				D3EB37A01DA8210D00C7D489 /* Debug */,
				D3EB37A11DA8210D00C7D489 /* Release */,
			);
			defaultConfigurationIsVisible = 0;
			defaultConfigurationName = Release;
		};
		D3EB37A21DA8210D00C7D489 /* Build configuration list for PBXNativeTarget "Timer CO" */ = {
			isa = XCConfigurationList;
			buildConfigurations = (
				D3EB37A31DA8210D00C7D489 /* Debug */,
				D3EB37A41DA8210D00C7D489 /* Release */,
			);
			defaultConfigurationIsVisible = 0;
		};
/* End XCConfigurationList section */
	};
	rootObject = D3EB37881DA8210D00C7D489 /* Project object */;
}
